
Microsoft Visual Studio Solution File, Format Version 12.00
# Visual Studio 15
Project("{FAE04EC0-301F-11D3-BF4B-00C04F79EFBC}") = "UniRx", "UniRx.csproj", "{5B4DD665-C636-D015-6B80-29ABC62A4BA4}"
EndProject
Project("{FAE04EC0-301F-11D3-BF4B-00C04F79EFBC}") = "UniRx.Examples", "UniRx.Examples.csproj", "{C045C49C-2622-97F6-F63C-9746AFA9098D}"
EndProject
Project("{FAE04EC0-301F-11D3-BF4B-00C04F79EFBC}") = "Assembly-CSharp", "Assembly-CSharp.csproj", "{BCF06DA0-21B4-C532-3C9F-1757BEAD7108}"
EndProject
Global
	GlobalSection(SolutionConfigurationPlatforms) = preSolution
		Debug|Any CPU = Debug|Any CPU
		Release|Any CPU = Release|Any CPU
	EndGlobalSection
	GlobalSection(ProjectConfigurationPlatforms) = postSolution
		{5B4DD665-C636-D015-6B80-29ABC62A4BA4}.Debug|Any CPU.ActiveCfg = Debug|Any CPU
		{5B4DD665-C636-D015-6B80-29ABC62A4BA4}.Debug|Any CPU.Build.0 = Debug|Any CPU
		{5B4DD665-C636-D015-6B80-29ABC62A4BA4}.Release|Any CPU.ActiveCfg = Release|Any CPU
		{5B4DD665-C636-D015-6B80-29ABC62A4BA4}.Release|Any CPU.Build.0 = Release|Any CPU
		{C045C49C-2622-97F6-F63C-9746AFA9098D}.Debug|Any CPU.ActiveCfg = Debug|Any CPU
		{C045C49C-2622-97F6-F63C-9746AFA9098D}.Debug|Any CPU.Build.0 = Debug|Any CPU
		{C045C49C-2622-97F6-F63C-9746AFA9098D}.Release|Any CPU.ActiveCfg = Release|Any CPU
		{C045C49C-2622-97F6-F63C-9746AFA9098D}.Release|Any CPU.Build.0 = Release|Any CPU
		{BCF06DA0-21B4-C532-3C9F-1757BEAD7108}.Debug|Any CPU.ActiveCfg = Debug|Any CPU
		{BCF06DA0-21B4-C532-3C9F-1757BEAD7108}.Debug|Any CPU.Build.0 = Debug|Any CPU
		{BCF06DA0-21B4-C532-3C9F-1757BEAD7108}.Release|Any CPU.ActiveCfg = Release|Any CPU
		{BCF06DA0-21B4-C532-3C9F-1757BEAD7108}.Release|Any CPU.Build.0 = Release|Any CPU
	EndGlobalSection
	GlobalSection(SolutionProperties) = preSolution
		HideSolutionNode = FALSE
	EndGlobalSection
EndGlobal
